
Microsoft Visual Studio Solution File, Format Version 12.00
# Visual Studio Version 16
VisualStudioVersion = 16.0.30517.126
MinimumVisualStudioVersion = 10.0.40219.1
Project("{9A19103F-16F7-4668-BE54-9A1E7A4F7556}") = "FootballStatApplication", "FootballStatApplication\FootballStatApplication.csproj", "{0BA2287D-2A5F-409C-AB11-E3A5F013B413}"
EndProject
Project("{FAE04EC0-301F-11D3-BF4B-00C04F79EFBC}") = "FootballStatApplication.Tests", "FootballStatApplication.Tests\FootballStatApplication.Tests.csproj", "{1D39436D-1A68-4442-9CE8-B52FA7D712FE}"
EndProject
Global
	GlobalSection(SolutionConfigurationPlatforms) = preSolution
		Debug|Any CPU = Debug|Any CPU
		Release|Any CPU = Release|Any CPU
	EndGlobalSection
	GlobalSection(ProjectConfigurationPlatforms) = postSolution
		{0BA2287D-2A5F-409C-AB11-E3A5F013B413}.Debug|Any CPU.ActiveCfg = Debug|Any CPU
		{0BA2287D-2A5F-409C-AB11-E3A5F013B413}.Debug|Any CPU.Build.0 = Debug|Any CPU
		{0BA2287D-2A5F-409C-AB11-E3A5F013B413}.Release|Any CPU.ActiveCfg = Release|Any CPU
		{0BA2287D-2A5F-409C-AB11-E3A5F013B413}.Release|Any CPU.Build.0 = Release|Any CPU
		{1D39436D-1A68-4442-9CE8-B52FA7D712FE}.Debug|Any CPU.ActiveCfg = Debug|Any CPU
		{1D39436D-1A68-4442-9CE8-B52FA7D712FE}.Debug|Any CPU.Build.0 = Debug|Any CPU
		{1D39436D-1A68-4442-9CE8-B52FA7D712FE}.Release|Any CPU.ActiveCfg = Release|Any CPU
		{1D39436D-1A68-4442-9CE8-B52FA7D712FE}.Release|Any CPU.Build.0 = Release|Any CPU
	EndGlobalSection
	GlobalSection(SolutionProperties) = preSolution
		HideSolutionNode = FALSE
	EndGlobalSection
	GlobalSection(ExtensibilityGlobals) = postSolution
		SolutionGuid = {F6C95233-F4CB-4586-A282-C7D47F34D6DD}
	EndGlobalSection
EndGlobal
